{
    "_meta": {
        "hash": {
            "sha256": "20342fa72e863520f1f2c1a4295eddf6a90294b5ad6f9401c0de0020441cd4d4"
        },
        "pipfile-spec": 6,
        "requires": {
            "python_version": "3.7"
        },
        "sources": [
            {
                "name": "pypi",
                "url": "https://pypi.org/simple",
                "verify_ssl": true
            }
        ]
    },
    "default": {
        "aiohttp": {
            "hashes": [
                "sha256:00d198585474299c9c3b4f1d5de1a576cc230d562abc5e4a0e81d71a20a6ca55",
                "sha256:0155af66de8c21b8dba4992aaeeabf55503caefae00067a3b1139f86d0ec50ed",
                "sha256:09654a9eca62d1bd6d64aa44db2498f60a5c1e0ac4750953fdd79d5c88955e10",
                "sha256:199f1d106e2b44b6dacdf6f9245493c7d716b01d0b7fbe1959318ba4dc64d1f5",
                "sha256:296f30dedc9f4b9e7a301e5cc963012264112d78a1d3094cd83ef148fdf33ca1",
                "sha256:368ed312550bd663ce84dc4b032a962fcb3c7cae099dbbd48663afc305e3b939",
                "sha256:40d7ea570b88db017c51392349cf99b7aefaaddd19d2c78368aeb0bddde9d390",
                "sha256:629102a193162e37102c50713e2e31dc9a2fe7ac5e481da83e5bb3c0cee700aa",
                "sha256:6d5ec9b8948c3d957e75ea14d41e9330e1ac3fed24ec53766c780f82805140dc",
                "sha256:87331d1d6810214085a50749160196391a712a13336cd02ce1c3ea3d05bcf8d5",
                "sha256:9a02a04bbe581c8605ac423ba3a74999ec9d8bce7ae37977a3d38680f5780b6d",
                "sha256:9c4c83f4fa1938377da32bc2d59379025ceeee8e24b89f72fcbccd8ca22dc9bf",
                "sha256:9cddaff94c0135ee627213ac6ca6d05724bfe6e7a356e5e09ec57bd3249510f6",
                "sha256:a25237abf327530d9561ef751eef9511ab56fd9431023ca6f4803f1994104d72",
                "sha256:a5cbd7157b0e383738b8e29d6e556fde8726823dae0e348952a61742b21aeb12",
                "sha256:a97a516e02b726e089cffcde2eea0d3258450389bbac48cbe89e0f0b6e7b0366",
                "sha256:acc89b29b5f4e2332d65cd1b7d10c609a75b88ef8925d487a611ca788432dfa4",
                "sha256:b05bd85cc99b06740aad3629c2585bda7b83bd86e080b44ba47faf905fdf1300",
                "sha256:c2bec436a2b5dafe5eaeb297c03711074d46b6eb236d002c13c42f25c4a8ce9d",
                "sha256:cc619d974c8c11fe84527e4b5e1c07238799a8c29ea1c1285149170524ba9303",
                "sha256:d4392defd4648badaa42b3e101080ae3313e8f4787cb517efd3f5b8157eaefd6",
                "sha256:e1c3c582ee11af7f63a34a46f0448fca58e59889396ffdae1f482085061a2889"
            ],
            "version": "==3.5.4"
        },
        "aiohttp-cors": {
            "hashes": [
                "sha256:0451ba59fdf6909d0e2cd21e4c0a43752bc0703d33fc78ae94d9d9321710193e",
                "sha256:4d39c6d7100fd9764ed1caf8cebf0eb01bf5e3f24e2e073fda6234bc48b19f5d"
            ],
            "version": "==0.7.0"
        },
        "async-timeout": {
            "hashes": [
                "sha256:0c3c816a028d47f659d6ff5c745cb2acf1f966da1fe5c19c77a70282b25f4c5f",
                "sha256:4291ca197d287d274d0b6cb5d6f8f8f82d434ed288f962539ff18cc9012f9ea3"
            ],
            "version": "==3.0.1"
        },
        "attrs": {
            "hashes": [
                "sha256:26b54ddbbb9ee1d34d5d3668dd37d6cf74990ab23c828c2888dccdceee395594",
                "sha256:fce7fc47dfc976152e82d53ff92fa0407700c21acd20886a13777a0d20e655dc"
            ],
            "version": "==20.2.0"
        },
        "brainslug": {
            "editable": true,
            "path": "./../.."
        },
        "certifi": {
            "hashes": [
                "sha256:5930595817496dd21bb8dc35dad090f1c2cd0adfaf21204bf6732ca5d8ee34d3",
                "sha256:8fc0819f1f30ba15bdb34cceffb9ef04d99f420f68eb75d901e9560b8749fc41"
            ],
            "version": "==2020.6.20"
        },
        "chardet": {
            "hashes": [
                "sha256:84ab92ed1c4d4f16916e05906b6b75a6c0fb5db821cc65e70cbd64a3e2a5eaae",
                "sha256:fc323ffcaeaed0e0a02bf4d117757b98aed530d9ed4531e3e15460124c106691"
            ],
            "version": "==3.0.4"
        },
        "colorama": {
            "hashes": [
                "sha256:05eed71e2e327246ad6b38c540c4a3117230b19679b875190486ddd2d721422d",
                "sha256:f8ac84de7840f5b9c4e3347b3c1eaa50f7e49c2b07596221daec5edaabbd7c48"
            ],
            "version": "==0.4.1"
        },
        "idna": {
            "hashes": [
                "sha256:c357b3f628cf53ae2c4c05627ecc484553142ca23264e593d327bcde5e9c3407",
                "sha256:ea8b7f6188e6fa117537c3df7da9fc686d485087abf6ac197f9c46432f7e4a3c"
            ],
            "version": "==2.8"
        },
        "mss": {
            "hashes": [
                "sha256:410a1e2784f7c6df8ab51d4c12837d344c313b910906f51a55ce5c1ee04a86f3",
                "sha256:772f9efc39723aa7fb26fbfd300917208cc9a445ef53f348d93520952cd6c34e"
            ],
            "index": "pypi",
            "version": "==4.0.1"
        },
        "multidict": {
            "hashes": [
                "sha256:1ece5a3369835c20ed57adadc663400b5525904e53bae59ec854a5d36b39b21a",
                "sha256:275ca32383bc5d1894b6975bb4ca6a7ff16ab76fa622967625baeebcf8079000",
                "sha256:3750f2205b800aac4bb03b5ae48025a64e474d2c6cc79547988ba1d4122a09e2",
                "sha256:4538273208e7294b2659b1602490f4ed3ab1c8cf9dbdd817e0e9db8e64be2507",
                "sha256:5141c13374e6b25fe6bf092052ab55c0c03d21bd66c94a0e3ae371d3e4d865a5",
                "sha256:51a4d210404ac61d32dada00a50ea7ba412e6ea945bbe992e4d7a595276d2ec7",
                "sha256:5cf311a0f5ef80fe73e4f4c0f0998ec08f954a6ec72b746f3c179e37de1d210d",
                "sha256:6513728873f4326999429a8b00fc7ceddb2509b01d5fd3f3be7881a257b8d463",
                "sha256:7388d2ef3c55a8ba80da62ecfafa06a1c097c18032a501ffd4cabbc52d7f2b19",
                "sha256:9456e90649005ad40558f4cf51dbb842e32807df75146c6d940b6f5abb4a78f3",
                "sha256:c026fe9a05130e44157b98fea3ab12969e5b60691a276150db9eda71710cd10b",
                "sha256:d14842362ed4cf63751648e7672f7174c9818459d169231d03c56e84daf90b7c",
                "sha256:e0d072ae0f2a179c375f67e3da300b47e1a83293c554450b29c900e50afaae87",
                "sha256:f07acae137b71af3bb548bd8da720956a3bc9f9a0b87733e0899226a2317aeb7",
                "sha256:fbb77a75e529021e7c4a8d4e823d88ef4d23674a202be4f5addffc72cbb91430",
                "sha256:fcfbb44c59af3f8ea984de67ec7c306f618a3ec771c2843804069917a8f2e255",
                "sha256:feed85993dbdb1dbc29102f50bca65bdc68f2c0c8d352468c25b54874f23c39d"
            ],
            "version": "==4.7.6"
        },
        "pillow": {
            "hashes": [
                "sha256:051de330a06c99d6f84bcf582960487835bcae3fc99365185dc2d4f65a390c0e",
                "sha256:0ae5289948c5e0a16574750021bd8be921c27d4e3527800dc9c2c1d2abc81bf7",
                "sha256:0b1efce03619cdbf8bcc61cfae81fcda59249a469f31c6735ea59badd4a6f58a",
                "sha256:163136e09bd1d6c6c6026b0a662976e86c58b932b964f255ff384ecc8c3cefa3",
                "sha256:18e912a6ccddf28defa196bd2021fe33600cbe5da1aa2f2e2c6df15f720b73d1",
                "sha256:24ec3dea52339a610d34401d2d53d0fb3c7fd08e34b20c95d2ad3973193591f1",
                "sha256:267f8e4c0a1d7e36e97c6a604f5b03ef58e2b81c1becb4fccecddcb37e063cc7",
                "sha256:3273a28734175feebbe4d0a4cde04d4ed20f620b9b506d26f44379d3c72304e1",
                "sha256:4c678e23006798fc8b6f4cef2eaad267d53ff4c1779bd1af8725cc11b72a63f3",
                "sha256:4d4bc2e6bb6861103ea4655d6b6f67af8e5336e7216e20fff3e18ffa95d7a055",
                "sha256:505738076350a337c1740a31646e1de09a164c62c07db3b996abdc0f9d2e50cf",
                "sha256:5233664eadfa342c639b9b9977190d64ad7aca4edc51a966394d7e08e7f38a9f",
                "sha256:5d95cb9f6cced2628f3e4de7e795e98b2659dfcc7176ab4a01a8b48c2c2f488f",
                "sha256:7eda4c737637af74bac4b23aa82ea6fbb19002552be85f0b89bc27e3a762d239",
                "sha256:801ddaa69659b36abf4694fed5aa9f61d1ecf2daaa6c92541bbbbb775d97b9fe",
                "sha256:825aa6d222ce2c2b90d34a0ea31914e141a85edefc07e17342f1d2fdf121c07c",
                "sha256:9c215442ff8249d41ff58700e91ef61d74f47dfd431a50253e1a1ca9436b0697",
                "sha256:a3d90022f2202bbb14da991f26ca7a30b7e4c62bf0f8bf9825603b22d7e87494",
                "sha256:a631fd36a9823638fe700d9225f9698fb59d049c942d322d4c09544dc2115356",
                "sha256:a6523a23a205be0fe664b6b8747a5c86d55da960d9586db039eec9f5c269c0e6",
                "sha256:a756ecf9f4b9b3ed49a680a649af45a8767ad038de39e6c030919c2f443eb000",
                "sha256:b117287a5bdc81f1bac891187275ec7e829e961b8032c9e5ff38b70fd036c78f",
                "sha256:ba04f57d1715ca5ff74bb7f8a818bf929a204b3b3c2c2826d1e1cc3b1c13398c",
                "sha256:cd878195166723f30865e05d87cbaf9421614501a4bd48792c5ed28f90fd36ca",
                "sha256:cee815cc62d136e96cf76771b9d3eb58e0777ec18ea50de5cfcede8a7c429aa8",
                "sha256:d1722b7aa4b40cf93ac3c80d3edd48bf93b9208241d166a14ad8e7a20ee1d4f3",
                "sha256:d7c1c06246b05529f9984435fc4fa5a545ea26606e7f450bdbe00c153f5aeaad",
                "sha256:e9c8066249c040efdda84793a2a669076f92a301ceabe69202446abb4c5c5ef9",
                "sha256:f227d7e574d050ff3996049e086e1f18c7bd2d067ef24131e50a1d3fe5831fbc",
                "sha256:fc9a12aad714af36cf3ad0275a96a733526571e52710319855628f476dcb144e"
            ],
            "index": "pypi",
            "version": "==5.4.1"
        },
        "requests": {
            "hashes": [
                "sha256:502a824f31acdacb3a35b6690b5fbf0bc41d63a24a45c4004352b0242707598e",
                "sha256:7bf2a778576d825600030a110f3c0e3e8edc51dfaafe1c146e39a2027784957b"
            ],
            "index": "pypi",
            "version": "==2.21.0"
        },
        "tinydb": {
            "hashes": [
                "sha256:24b3d4a9611e9953fd57caf063ede6d20abfa0886289fa251f5933082c605dca",
                "sha256:54f6b52fc9bc8378ea29b60e8d93c58f0f4b580a0a3b345810fbc2375baa7655"
            ],
            "version": "==3.12.2"
        },
        "typing-extensions": {
            "hashes": [
                "sha256:7cb407020f00f7bfc3cb3e7881628838e69d8f3fcab2f64742a5e76b2f841918",
                "sha256:99d4073b617d30288f569d3f13d2bd7548c3a7e4c8de87db09a9d29bb3a4a60c",
                "sha256:dafc7639cde7f1b6e1acc0f457842a83e722ccca8eef5270af2d74792619a89f"
            ],
            "markers": "python_version < '3.8'",
            "version": "==3.7.4.3"
        },
        "urllib3": {
            "hashes": [
                "sha256:4c291ca23bbb55c76518905869ef34bdd5f0e46af7afe6861e8375643ffee1a0",
                "sha256:9a247273df709c4fedb38c711e44292304f73f39ab01beda9f6b9fc375669ac3"
            ],
            "index": "pypi",
            "version": "==1.24.2"
        },
        "yarl": {
            "hashes": [
                "sha256:03b7a44384ad60be1b7be93c2a24dc74895f8d767ea0bce15b2f6fc7695a3843",
                "sha256:076157404db9db4bb3fa9db22db319bbb36d075eeab19ba018ce20ae0cacf037",
                "sha256:1c05ae3d5ea4287470046a2c2754f0a4c171b84ea72c8a691f776eb1753dfb91",
                "sha256:2467baf8233f7c64048df37e11879c553943ffe7f373e689711ec2807ea13805",
                "sha256:2bb2e21cf062dfbe985c3cd4618bae9f25271efcad9e7be1277861247eee9839",
                "sha256:311effab3b3828ab34f0e661bb57ff422f67d5c33056298bda4c12195251f8dd",
                "sha256:3526cb5905907f0e42bee7ef57ae4a5f02bc27dcac27859269e2bba0caa4c2b6",
                "sha256:39b1e586f34b1d2512c9b39aa3cf24c870c972d525e36edc9ee19065db4737bb",
                "sha256:4bed5cd7c8e69551eb19df15295ba90e62b9a6a1149c76eb4a9bab194402a156",
                "sha256:51c6d3cf7a1f1fbe134bb92f33b7affd94d6de24cd64b466eb12de52120fb8c6",
                "sha256:59f78b5da34ddcffb663b772f7619e296518712e022e57fc5d9f921818e2ab7c",
                "sha256:6f29115b0c330da25a04f48612d75333bca04521181a666ca0b8761005a99150",
                "sha256:73d4e1e1ef5e52d526c92f07d16329e1678612c6a81dd8101fdcae11a72de15c",
                "sha256:9b48d31f8d881713fd461abfe7acbb4dcfeb47cec3056aa83f2fbcd2244577f7",
                "sha256:a1fd575dd058e10ad4c35065e7c3007cc74d142f622b14e168d8a273a2fa8713",
                "sha256:b3dd1052afd436ba737e61f5d3bed1f43a7f9a33fc58fbe4226eb919a7006019",
                "sha256:b99c25ed5c355b35d1e6dae87ac7297a4844a57dc5766b173b88b6163a36eb0d",
                "sha256:c056e86bff5a0b566e0d9fab4f67e83b12ae9cbcd250d334cbe2005bbe8c96f2",
                "sha256:c45b49b59a5724869899798e1bbd447ac486215269511d3b76b4c235a1b766b6",
                "sha256:cd623170c729a865037828e3f99f8ebdb22a467177a539680dfc5670b74c84e2",
                "sha256:d25d3311794e6c71b608d7c47651c8f65eea5ab15358a27f29330b3475e8f8e5",
                "sha256:d695439c201ed340745250f9eb4dfe8d32bf1e680c16477107b8f3ce4bff4fdb",
                "sha256:d77f6c9133d2aabb290a7846aaa74ec14d7b5ab35b01591fac5a70c4a8c959a2",
                "sha256:d894a2442d2cd20a3b0b0dce5a353d316c57d25a2b445e03f7eac90eee27b8af",
                "sha256:db643ce2b58a4bd11a82348225c53c76ecdd82bb37cf4c085e6df1b676f4038c",
                "sha256:e3a0c43a26dfed955b2a06fdc4d51d2c51bc2200aff8ce8faf14e676ea8c8862",
                "sha256:e77bf79ad1ccae672eab22453838382fe9029fc27c8029e84913855512a587d8",
                "sha256:f2f0174cb15435957d3b751093f89aede77df59a499ab7516bbb633b77ead13a",
                "sha256:f3031c78edf10315abe232254e6a36b65afe65fded41ee54ed7976d0b2cdf0da",
                "sha256:f4c007156732866aa4507d619fe6f8f2748caabed4f66b276ccd97c82572620c",
                "sha256:f4f27ff3dd80bc7c402def211a47291ea123d59a23f59fe18fc0e81e3e71f385",
                "sha256:f57744fc61e118b5d114ae8077d8eb9df4d2d2c11e2af194e21f0c11ed9dcf6c",
                "sha256:f835015a825980b65356e9520979a1564c56efea7da7d4b68a14d4a07a3a7336"
            ],
            "version": "==1.6.2"
        }
    },
    "develop": {
        "backcall": {
            "hashes": [
                "sha256:5cbdbf27be5e7cfadb448baf0aa95508f91f2bbc6c6437cd9cd06e2a4c215e1e",
                "sha256:fbbce6a29f263178a1f7915c1940bde0ec2b2a967566fe1c65c1dfb7422bd255"
            ],
            "version": "==0.2.0"
        },
        "decorator": {
            "hashes": [
                "sha256:41fa54c2a0cc4ba648be4fd43cff00aedf5b9465c9bf18d64325bc225f08f760",
                "sha256:e3a62f0520172440ca0dcc823749319382e377f37f140a0b99ef45fecb84bfe7"
            ],
            "version": "==4.4.2"
        },
        "ipdb": {
            "hashes": [
                "sha256:7081c65ed7bfe7737f83fa4213ca8afd9617b42ff6b3f1daf9a3419839a2a00a"
            ],
            "index": "pypi",
            "version": "==0.11"
        },
        "ipython": {
            "hashes": [
                "sha256:6a9496209b76463f1dec126ab928919aaf1f55b38beb9219af3fe202f6bbdd12",
                "sha256:f69932b1e806b38a7818d9a1e918e5821b685715040b48e59c657b3c7961b742"
            ],
            "index": "pypi",
            "version": "==7.2.0"
        },
        "ipython-genutils": {
            "hashes": [
                "sha256:72dd37233799e619666c9f639a9da83c34013a73e8bbc79a7a6348d93c61fab8",
                "sha256:eb2e116e75ecef9d4d228fdc66af54269afa26ab4463042e33785b887c628ba8"
            ],
            "version": "==0.2.0"
        },
        "jedi": {
            "hashes": [
                "sha256:86ed7d9b750603e4ba582ea8edc678657fb4007894a12bcf6f4bb97892f31d20",
                "sha256:98cc583fa0f2f8304968199b01b6b4b94f469a1f4a74c1560506ca2a211378b5"
            ],
            "version": "==0.17.2"
        },
        "parso": {
            "hashes": [
                "sha256:97218d9159b2520ff45eb78028ba8b50d2bc61dcc062a9682666f2dc4bd331ea",
                "sha256:caba44724b994a8a5e086460bb212abc5a8bc46951bf4a9a1210745953622eb9"
            ],
            "version": "==0.7.1"
        },
        "pexpect": {
            "hashes": [
                "sha256:0b48a55dcb3c05f3329815901ea4fc1537514d6ba867a152b581d69ae3710937",
                "sha256:fc65a43959d153d0114afe13997d439c22823a27cefceb5ff35c2178c6784c0c"
            ],
            "markers": "sys_platform != 'win32'",
            "version": "==4.8.0"
        },
        "pickleshare": {
            "hashes": [
                "sha256:87683d47965c1da65cdacaf31c8441d12b8044cdec9aca500cd78fc2c683afca",
                "sha256:9649af414d74d4df115d5d718f82acb59c9d418196b7b4290ed47a12ce62df56"
            ],
            "version": "==0.7.5"
        },
        "prompt-toolkit": {
            "hashes": [
                "sha256:46642344ce457641f28fc9d1c9ca939b63dadf8df128b86f1b9860e59c73a5e4",
                "sha256:e7f8af9e3d70f514373bf41aa51bc33af12a6db3f71461ea47fea985defb2c31",
                "sha256:f15af68f66e664eaa559d4ac8a928111eebd5feda0c11738b5998045224829db"
            ],
            "version": "==2.0.10"
        },
        "ptyprocess": {
            "hashes": [
                "sha256:923f299cc5ad920c68f2bc0bc98b75b9f838b93b599941a6b63ddbc2476394c0",
                "sha256:d7cc528d76e76342423ca640335bd3633420dc1366f258cb31d05e865ef5ca1f"
            ],
            "version": "==0.6.0"
        },
        "pygments": {
            "hashes": [
                "sha256:307543fe65c0947b126e83dd5a61bd8acbd84abec11f43caebaf5534cbc17998",
                "sha256:926c3f319eda178d1bd90851e4317e6d8cdb5e292a3386aac9bd75eca29cf9c7"
            ],
            "version": "==2.7.1"
        },
        "six": {
            "hashes": [
                "sha256:30639c035cdb23534cd4aa2dd52c3bf48f06e5f4a941509c8bafd8ce11080259",
                "sha256:8b74bedcbbbaca38ff6d7491d76f2b06b3592611af620f8426e82dddb04a5ced"
            ],
            "version": "==1.15.0"
        },
        "traitlets": {
            "hashes": [
                "sha256:86c9351f94f95de9db8a04ad8e892da299a088a64fd283f9f6f18770ae5eae1b",
                "sha256:9664ec0c526e48e7b47b7d14cd6b252efa03e0129011de0a9c1d70315d4309c3"
            ],
            "version": "==5.0.4"
        },
        "wcwidth": {
            "hashes": [
                "sha256:beb4802a9cebb9144e99086eff703a642a13d6a0052920003a230f3294bbe784",
                "sha256:c4d647b99872929fdb7bdcaa4fbe7f01413ed3d98077df798530e5b04f116c83"
            ],
            "version": "==0.2.5"
        }
    }
}
